Microsoft Visual Studio Solution File, Format Version 11.00
# Visual Studio 2008

Project("{46C2B21E-EE29-B001-79FF-9C130527C413}") = "AceFlight", "Assembly-CSharp-vs.csproj", "{0873769B-6CCA-91CA-F798-D07786D25259}"
EndProject
Project("{46C2B21E-EE29-B001-79FF-9C130527C413}") = "AceFlight", "Assembly-CSharp-Editor-vs.csproj", "{0A2776F1-3223-B9BD-E4BE-94FA95664D7D}"
EndProject
Global
	GlobalSection(SolutionConfigurationPlatforms) = preSolution
		Debug|Any CPU = Debug|Any CPU
		Release|Any CPU = Release|Any CPU
	EndGlobalSection
	GlobalSection(ProjectConfigurationPlatforms) = postSolution
		{0873769B-6CCA-91CA-F798-D07786D25259}.Debug|Any CPU.ActiveCfg = Debug|Any CPU
		{0873769B-6CCA-91CA-F798-D07786D25259}.Debug|Any CPU.Build.0 = Debug|Any CPU
		{0873769B-6CCA-91CA-F798-D07786D25259}.Release|Any CPU.ActiveCfg = Release|Any CPU
		{0873769B-6CCA-91CA-F798-D07786D25259}.Release|Any CPU.Build.0 = Release|Any CPU
		{0A2776F1-3223-B9BD-E4BE-94FA95664D7D}.Debug|Any CPU.ActiveCfg = Debug|Any CPU
		{0A2776F1-3223-B9BD-E4BE-94FA95664D7D}.Debug|Any CPU.Build.0 = Debug|Any CPU
		{0A2776F1-3223-B9BD-E4BE-94FA95664D7D}.Release|Any CPU.ActiveCfg = Release|Any CPU
		{0A2776F1-3223-B9BD-E4BE-94FA95664D7D}.Release|Any CPU.Build.0 = Release|Any CPU
	EndGlobalSection
	GlobalSection(SolutionProperties) = preSolution
		HideSolutionNode = FALSE
	EndGlobalSection
																																																																																								GlobalSection(MonoDevelopProperties) = preSolution
		StartupItem = Assembly-CSharp.csproj
		Policies = $0
		$0.TextStylePolicy = $1
		$1.inheritsSet = null
		$1.scope = text/x-csharp
		$0.CSharpFormattingPolicy = $2
		$2.inheritsSet = Mono
		$2.inheritsScope = text/x-csharp
		$2.scope = text/x-csharp
		$0.TextStylePolicy = $3
		$3.FileWidth = 120
		$3.TabWidth = 4
		$3.IndentWidth = 4
		$3.EolMarker = Unix
		$3.inheritsSet = Mono
		$3.inheritsScope = text/plain
		$3.scope = text/plain
	EndGlobalSection

EndGlobal
